
Microsoft Visual Studio Solution File, Format Version 10.00
# Visual Studio 2008
Project("{F184B08F-C81C-45F6-A57F-5ABD9991F28F}") = "VB-PAGE-Converter", "VB-PAGE-Converter\VB-PAGE-Converter.vbproj", "{22B9FA4D-2792-429A-AD19-89365051D495}"
EndProject
Global
	GlobalSection(SolutionConfigurationPlatforms) = preSolution
		Debug|Any CPU = Debug|Any CPU
		Release|Any CPU = Release|Any CPU
	EndGlobalSection
	GlobalSection(ProjectConfigurationPlatforms) = postSolution
		{22B9FA4D-2792-429A-AD19-89365051D495}.Debug|Any CPU.ActiveCfg = Debug|Any CPU
		{22B9FA4D-2792-429A-AD19-89365051D495}.Debug|Any CPU.Build.0 = Debug|Any CPU
		{22B9FA4D-2792-429A-AD19-89365051D495}.Release|Any CPU.ActiveCfg = Release|Any CPU
		{22B9FA4D-2792-429A-AD19-89365051D495}.Release|Any CPU.Build.0 = Release|Any CPU
	EndGlobalSection
	GlobalSection(SolutionProperties) = preSolution
		HideSolutionNode = FALSE
	EndGlobalSection
EndGlobal
